<Solution>
  <Configurations>
    <Platform Name="x64" />
    <Platform Name="x86" />
  </Configurations>
  <Project Path="../CppME_Chapter15_Example15.17/CppME_Chapter15_Example15.17.vcxproj" Id="53de9bc1-9c12-4474-b610-375594a9930b" />
  <Project Path="../CppME_chapter15_Example15.25/CppME_chapter15_Example15.25.vcxproj" Id="f04a022d-31f0-4d34-8f3c-72813ef024b9" />
  <Project Path="../CppME_Chapter15_Example15.26/CppME_Chapter15_Example15.26.vcxproj" Id="a4622a9c-8f59-4172-a90d-ecec14651888" />
  <Project Path="../CppME_Chapter15_Example15.9/CppME_Chapter15_Example15.9.vcxproj" Id="055ec27d-0983-4cb5-b6e4-88a246a9a867" />
  <Project Path="CppME_Chapter15.vcxproj" Id="d9a68916-a65f-49fc-8400-c0cfa0cc9cf2" />
</Solution>
